
Microsoft Visual Studio Solution File, Format Version 12.00
# Visual Studio Version 17
VisualStudioVersion = 17.0.31919.166
MinimumVisualStudioVersion = 10.0.40219.1
Project("{9A19103F-16F7-4668-BE54-9A1E7A4F7556}") = "NLayer.Core", "NLayer.Core\NLayer.Core.csproj", "{6417CC37-E556-4EF1-B798-63DBF24D0023}"
EndProject
Project("{9A19103F-16F7-4668-BE54-9A1E7A4F7556}") = "NLayer.Repository", "NLayer.Repository\NLayer.Repository.csproj", "{40FDC788-A72C-47E8-8885-4B0D104E69E5}"
EndProject
Project("{9A19103F-16F7-4668-BE54-9A1E7A4F7556}") = "NLayer.Service", "NLayer.Service\NLayer.Service.csproj", "{FF2BEBBC-77C1-4599-B789-715E0032952C}"
EndProject
Project("{9A19103F-16F7-4668-BE54-9A1E7A4F7556}") = "NLayer.Web", "NLayer.Web\NLayer.Web.csproj", "{CC9FFA35-0A91-41C9-974C-D1C1265802CF}"
EndProject
Project("{FAE04EC0-301F-11D3-BF4B-00C04F79EFBC}") = "SharedLibrary", "SharedLibrary\SharedLibrary.csproj", "{2E5855CA-3831-46E1-B1CB-C468DA755DBC}"
EndProject
Global
	GlobalSection(SolutionConfigurationPlatforms) = preSolution
		Debug|Any CPU = Debug|Any CPU
		Release|Any CPU = Release|Any CPU
	EndGlobalSection
	GlobalSection(ProjectConfigurationPlatforms) = postSolution
		{6417CC37-E556-4EF1-B798-63DBF24D0023}.Debug|Any CPU.ActiveCfg = Debug|Any CPU
		{6417CC37-E556-4EF1-B798-63DBF24D0023}.Debug|Any CPU.Build.0 = Debug|Any CPU
		{6417CC37-E556-4EF1-B798-63DBF24D0023}.Release|Any CPU.ActiveCfg = Release|Any CPU
		{6417CC37-E556-4EF1-B798-63DBF24D0023}.Release|Any CPU.Build.0 = Release|Any CPU
		{40FDC788-A72C-47E8-8885-4B0D104E69E5}.Debug|Any CPU.ActiveCfg = Debug|Any CPU
		{40FDC788-A72C-47E8-8885-4B0D104E69E5}.Debug|Any CPU.Build.0 = Debug|Any CPU
		{40FDC788-A72C-47E8-8885-4B0D104E69E5}.Release|Any CPU.ActiveCfg = Release|Any CPU
		{40FDC788-A72C-47E8-8885-4B0D104E69E5}.Release|Any CPU.Build.0 = Release|Any CPU
		{FF2BEBBC-77C1-4599-B789-715E0032952C}.Debug|Any CPU.ActiveCfg = Debug|Any CPU
		{FF2BEBBC-77C1-4599-B789-715E0032952C}.Debug|Any CPU.Build.0 = Debug|Any CPU
		{FF2BEBBC-77C1-4599-B789-715E0032952C}.Release|Any CPU.ActiveCfg = Release|Any CPU
		{FF2BEBBC-77C1-4599-B789-715E0032952C}.Release|Any CPU.Build.0 = Release|Any CPU
		{CC9FFA35-0A91-41C9-974C-D1C1265802CF}.Debug|Any CPU.ActiveCfg = Debug|Any CPU
		{CC9FFA35-0A91-41C9-974C-D1C1265802CF}.Debug|Any CPU.Build.0 = Debug|Any CPU
		{CC9FFA35-0A91-41C9-974C-D1C1265802CF}.Release|Any CPU.ActiveCfg = Release|Any CPU
		{CC9FFA35-0A91-41C9-974C-D1C1265802CF}.Release|Any CPU.Build.0 = Release|Any CPU
		{2E5855CA-3831-46E1-B1CB-C468DA755DBC}.Debug|Any CPU.ActiveCfg = Debug|Any CPU
		{2E5855CA-3831-46E1-B1CB-C468DA755DBC}.Debug|Any CPU.Build.0 = Debug|Any CPU
		{2E5855CA-3831-46E1-B1CB-C468DA755DBC}.Release|Any CPU.ActiveCfg = Release|Any CPU
		{2E5855CA-3831-46E1-B1CB-C468DA755DBC}.Release|Any CPU.Build.0 = Release|Any CPU
	EndGlobalSection
	GlobalSection(SolutionProperties) = preSolution
		HideSolutionNode = FALSE
	EndGlobalSection
	GlobalSection(ExtensibilityGlobals) = postSolution
		SolutionGuid = {7B3E22E4-7883-4B06-A813-43F2730ADB13}
	EndGlobalSection
EndGlobal
